// !$*UTF8*$!
{
	archiveVersion = 1;
	classes = {
	};
	objectVersion = 50;
	objects = {

/* Begin PBXBuildFile section */
		456794D556BFD204ECCF6544 /* Pods_OutGoingCall.framework in Frameworks */ = {isa = PBXBuildFile; fileRef = 17889CBD2CFB29F14B4595EF /* Pods_OutGoingCall.framework */; };
		64128D7A21BA6E4800548DC4 /* CallViewController.swift in Sources */ = {isa = PBXBuildFile; fileRef = 64128D7921BA6E4800548DC4 /* CallViewController.swift */; };
		64128D8121BB917F00548DC4 /* Logger.swift in Sources */ = {isa = PBXBuildFile; fileRef = 64128D8021BB917F00548DC4 /* Logger.swift */; };
		64128D8821BB947200548DC4 /* Plivo.storyboard in Resources */ = {isa = PBXBuildFile; fileRef = 64128D8721BB947200548DC4 /* Plivo.storyboard */; };
		64128D8B21BBAF4000548DC4 /* AppUtility.swift in Sources */ = {isa = PBXBuildFile; fileRef = 64128D8A21BBAF3F00548DC4 /* AppUtility.swift */; };
		645D420121BA33660034E745 /* AppDelegate.swift in Sources */ = {isa = PBXBuildFile; fileRef = 645D420021BA33660034E745 /* AppDelegate.swift */; };
		645D420321BA33660034E745 /* DialPadViewController.swift in Sources */ = {isa = PBXBuildFile; fileRef = 645D420221BA33660034E745 /* DialPadViewController.swift */; };
		645D420621BA33660034E745 /* Main.storyboard in Resources */ = {isa = PBXBuildFile; fileRef = 645D420421BA33660034E745 /* Main.storyboard */; };
		645D420821BA336A0034E745 /* Assets.xcassets in Resources */ = {isa = PBXBuildFile; fileRef = 645D420721BA336A0034E745 /* Assets.xcassets */; };
		645D420B21BA336A0034E745 /* LaunchScreen.storyboard in Resources */ = {isa = PBXBuildFile; fileRef = 645D420921BA336A0034E745 /* LaunchScreen.storyboard */; };
		645D421721BA35C60034E745 /* LoginViewController.swift in Sources */ = {isa = PBXBuildFile; fileRef = 645D421621BA35C60034E745 /* LoginViewController.swift */; };
		645D421E21BA38010034E745 /* UIViewController+Extension.swift in Sources */ = {isa = PBXBuildFile; fileRef = 645D421D21BA38010034E745 /* UIViewController+Extension.swift */; };
		645D422121BA385A0034E745 /* UserDefaultManager.swift in Sources */ = {isa = PBXBuildFile; fileRef = 645D422021BA385A0034E745 /* UserDefaultManager.swift */; };
		645D422521BA41AA0034E745 /* PlivoManager.swift in Sources */ = {isa = PBXBuildFile; fileRef = 645D422421BA41AA0034E745 /* PlivoManager.swift */; };
		645D423121BA58AF0034E745 /* JCPadButton.m in Sources */ = {isa = PBXBuildFile; fileRef = 645D422B21BA58AE0034E745 /* JCPadButton.m */; };
		645D423221BA58AF0034E745 /* UIView+FrameAccessor.m in Sources */ = {isa = PBXBuildFile; fileRef = 645D422E21BA58AF0034E745 /* UIView+FrameAccessor.m */; };
		645D423321BA58AF0034E745 /* JCDialPad.m in Sources */ = {isa = PBXBuildFile; fileRef = 645D423021BA58AF0034E745 /* JCDialPad.m */; };
		64A956CC21C28B7C007ABB58 /* SplashViewController.swift in Sources */ = {isa = PBXBuildFile; fileRef = 64A956CB21C28B7C007ABB58 /* SplashViewController.swift */; };
/* End PBXBuildFile section */

/* Begin PBXCopyFilesBuildPhase section */
		64128D7F21BAAAED00548DC4 /* Embed Frameworks */ = {
			isa = PBXCopyFilesBuildPhase;
			buildActionMask = 2147483647;
			dstPath = "";
			dstSubfolderSpec = 10;
			files = (
			);
			name = "Embed Frameworks";
			runOnlyForDeploymentPostprocessing = 0;
		};
/* End PBXCopyFilesBuildPhase section */

/* Begin PBXFileReference section */
		17889CBD2CFB29F14B4595EF /* Pods_OutGoingCall.framework */ = {isa = PBXFileReference; explicitFileType = wrapper.framework; includeInIndex = 0; path = Pods_OutGoingCall.framework; sourceTree = BUILT_PRODUCTS_DIR; };
		64128D7921BA6E4800548DC4 /* CallViewController.swift */ = {isa = PBXFileReference; lastKnownFileType = sourcecode.swift; path = CallViewController.swift; sourceTree = "<group>"; };
		64128D8021BB917F00548DC4 /* Logger.swift */ = {isa = PBXFileReference; lastKnownFileType = sourcecode.swift; path = Logger.swift; sourceTree = "<group>"; };
		64128D8721BB947200548DC4 /* Plivo.storyboard */ = {isa = PBXFileReference; lastKnownFileType = file.storyboard; path = Plivo.storyboard; sourceTree = "<group>"; };
		64128D8A21BBAF3F00548DC4 /* AppUtility.swift */ = {isa = PBXFileReference; lastKnownFileType = sourcecode.swift; path = AppUtility.swift; sourceTree = "<group>"; };
		645D41FD21BA33660034E745 /* OutGoingCall.app */ = {isa = PBXFileReference; explicitFileType = wrapper.application; includeInIndex = 0; path = OutGoingCall.app; sourceTree = BUILT_PRODUCTS_DIR; };
		645D420021BA33660034E745 /* AppDelegate.swift */ = {isa = PBXFileReference; lastKnownFileType = sourcecode.swift; path = AppDelegate.swift; sourceTree = "<group>"; };
		645D420221BA33660034E745 /* DialPadViewController.swift */ = {isa = PBXFileReference; lastKnownFileType = sourcecode.swift; path = DialPadViewController.swift; sourceTree = "<group>"; };
		645D420521BA33660034E745 /* Base */ = {isa = PBXFileReference; lastKnownFileType = file.storyboard; name = Base; path = Base.lproj/Main.storyboard; sourceTree = "<group>"; };
		645D420721BA336A0034E745 /* Assets.xcassets */ = {isa = PBXFileReference; lastKnownFileType = folder.assetcatalog; path = Assets.xcassets; sourceTree = "<group>"; };
		645D420A21BA336A0034E745 /* Base */ = {isa = PBXFileReference; lastKnownFileType = file.storyboard; name = Base; path = Base.lproj/LaunchScreen.storyboard; sourceTree = "<group>"; };
		645D420C21BA336A0034E745 /* Info.plist */ = {isa = PBXFileReference; lastKnownFileType = text.plist.xml; path = Info.plist; sourceTree = "<group>"; };
		645D421621BA35C60034E745 /* LoginViewController.swift */ = {isa = PBXFileReference; lastKnownFileType = sourcecode.swift; path = LoginViewController.swift; sourceTree = "<group>"; };
		645D421D21BA38010034E745 /* UIViewController+Extension.swift */ = {isa = PBXFileReference; lastKnownFileType = sourcecode.swift; path = "UIViewController+Extension.swift"; sourceTree = "<group>"; };
		645D422021BA385A0034E745 /* UserDefaultManager.swift */ = {isa = PBXFileReference; lastKnownFileType = sourcecode.swift; path = UserDefaultManager.swift; sourceTree = "<group>"; };
		645D422421BA41AA0034E745 /* PlivoManager.swift */ = {isa = PBXFileReference; lastKnownFileType = sourcecode.swift; path = PlivoManager.swift; sourceTree = "<group>"; };
		645D422A21BA58AE0034E745 /* UIView+FrameAccessor.h */ = {isa = PBXFileReference; fileEncoding = 4; lastKnownFileType = sourcecode.c.h; path = "UIView+FrameAccessor.h"; sourceTree = "<group>"; };
		645D422B21BA58AE0034E745 /* JCPadButton.m */ = {isa = PBXFileReference; fileEncoding = 4; lastKnownFileType = sourcecode.c.objc; path = JCPadButton.m; sourceTree = "<group>"; };
		645D422C21BA58AE0034E745 /* JCDialPad.h */ = {isa = PBXFileReference; fileEncoding = 4; lastKnownFileType = sourcecode.c.h; path = JCDialPad.h; sourceTree = "<group>"; };
		645D422D21BA58AE0034E745 /* Constants.h */ = {isa = PBXFileReference; fileEncoding = 4; lastKnownFileType = sourcecode.c.h; path = Constants.h; sourceTree = "<group>"; };
		645D422E21BA58AF0034E745 /* UIView+FrameAccessor.m */ = {isa = PBXFileReference; fileEncoding = 4; lastKnownFileType = sourcecode.c.objc; path = "UIView+FrameAccessor.m"; sourceTree = "<group>"; };
		645D422F21BA58AF0034E745 /* JCPadButton.h */ = {isa = PBXFileReference; fileEncoding = 4; lastKnownFileType = sourcecode.c.h; path = JCPadButton.h; sourceTree = "<group>"; };
		645D423021BA58AF0034E745 /* JCDialPad.m */ = {isa = PBXFileReference; fileEncoding = 4; lastKnownFileType = sourcecode.c.objc; path = JCDialPad.m; sourceTree = "<group>"; };
		645D423421BA59330034E745 /* Plivo-Bridging-Header.h */ = {isa = PBXFileReference; lastKnownFileType = sourcecode.c.h; path = "Plivo-Bridging-Header.h"; sourceTree = "<group>"; };
		64A956CB21C28B7C007ABB58 /* SplashViewController.swift */ = {isa = PBXFileReference; lastKnownFileType = sourcecode.swift; path = SplashViewController.swift; sourceTree = "<group>"; };
		92639EC9C6C65F04B0C679A4 /* Pods-OutGoingCall.debug.xcconfig */ = {isa = PBXFileReference; includeInIndex = 1; lastKnownFileType = text.xcconfig; name = "Pods-OutGoingCall.debug.xcconfig"; path = "Pods/Target Support Files/Pods-OutGoingCall/Pods-OutGoingCall.debug.xcconfig"; sourceTree = "<group>"; };
		D698E1424010E891A5A2376D /* Pods-OutGoingCall.release.xcconfig */ = {isa = PBXFileReference; includeInIndex = 1; lastKnownFileType = text.xcconfig; name = "Pods-OutGoingCall.release.xcconfig"; path = "Pods/Target Support Files/Pods-OutGoingCall/Pods-OutGoingCall.release.xcconfig"; sourceTree = "<group>"; };
/* End PBXFileReference section */

/* Begin PBXFrameworksBuildPhase section */
		645D41FA21BA33660034E745 /* Frameworks */ = {
			isa = PBXFrameworksBuildPhase;
			buildActionMask = 2147483647;
			files = (
				456794D556BFD204ECCF6544 /* Pods_OutGoingCall.framework in Frameworks */,
			);
			runOnlyForDeploymentPostprocessing = 0;
		};
/* End PBXFrameworksBuildPhase section */

/* Begin PBXGroup section */
		64128D8921BB950500548DC4 /* Plivo Controller */ = {
			isa = PBXGroup;
			children = (
				64128D7921BA6E4800548DC4 /* CallViewController.swift */,
				645D420221BA33660034E745 /* DialPadViewController.swift */,
			);
			path = "Plivo Controller";
			sourceTree = "<group>";
		};
		645D41F421BA33660034E745 = {
			isa = PBXGroup;
			children = (
				645D41FF21BA33660034E745 /* OutGoingCall */,
				645D41FE21BA33660034E745 /* Products */,
				A82A66615C6E4D8C24C18F4D /* Pods */,
				AAB8857E75BC79C75E484C91 /* Frameworks */,
			);
			sourceTree = "<group>";
		};
		645D41FE21BA33660034E745 /* Products */ = {
			isa = PBXGroup;
			children = (
				645D41FD21BA33660034E745 /* OutGoingCall.app */,
			);
			name = Products;
			sourceTree = "<group>";
		};
		645D41FF21BA33660034E745 /* OutGoingCall */ = {
			isa = PBXGroup;
			children = (
				645D422821BA58930034E745 /* External */,
				645D421F21BA384F0034E745 /* Util */,
				645D421521BA34B50034E745 /* Storyboards */,
				645D421421BA34AB0034E745 /* View Controllers */,
				645D421321BA34A70034E745 /* Assets */,
				645D421221BA349E0034E745 /* Supporting Files */,
			);
			path = OutGoingCall;
			sourceTree = "<group>";
		};
		645D421221BA349E0034E745 /* Supporting Files */ = {
			isa = PBXGroup;
			children = (
				645D423421BA59330034E745 /* Plivo-Bridging-Header.h */,
				645D420C21BA336A0034E745 /* Info.plist */,
				645D420021BA33660034E745 /* AppDelegate.swift */,
			);
			path = "Supporting Files";
			sourceTree = "<group>";
		};
		645D421321BA34A70034E745 /* Assets */ = {
			isa = PBXGroup;
			children = (
				645D420721BA336A0034E745 /* Assets.xcassets */,
			);
			path = Assets;
			sourceTree = "<group>";
		};
		645D421421BA34AB0034E745 /* View Controllers */ = {
			isa = PBXGroup;
			children = (
				64128D8921BB950500548DC4 /* Plivo Controller */,
				645D421621BA35C60034E745 /* LoginViewController.swift */,
				64A956CB21C28B7C007ABB58 /* SplashViewController.swift */,
			);
			path = "View Controllers";
			sourceTree = "<group>";
		};
		645D421521BA34B50034E745 /* Storyboards */ = {
			isa = PBXGroup;
			children = (
				645D420421BA33660034E745 /* Main.storyboard */,
				645D420921BA336A0034E745 /* LaunchScreen.storyboard */,
				64128D8721BB947200548DC4 /* Plivo.storyboard */,
			);
			path = Storyboards;
			sourceTree = "<group>";
		};
		645D421821BA374F0034E745 /* Extensions */ = {
			isa = PBXGroup;
			children = (
				645D421D21BA38010034E745 /* UIViewController+Extension.swift */,
			);
			path = Extensions;
			sourceTree = "<group>";
		};
		645D421F21BA384F0034E745 /* Util */ = {
			isa = PBXGroup;
			children = (
				645D421821BA374F0034E745 /* Extensions */,
				645D422021BA385A0034E745 /* UserDefaultManager.swift */,
				645D422421BA41AA0034E745 /* PlivoManager.swift */,
				64128D8021BB917F00548DC4 /* Logger.swift */,
				64128D8A21BBAF3F00548DC4 /* AppUtility.swift */,
			);
			path = Util;
			sourceTree = "<group>";
		};
		645D422821BA58930034E745 /* External */ = {
			isa = PBXGroup;
			children = (
				645D422921BA58AE0034E745 /* Dial Pad */,
			);
			path = External;
			sourceTree = "<group>";
		};
		645D422921BA58AE0034E745 /* Dial Pad */ = {
			isa = PBXGroup;
			children = (
				645D422A21BA58AE0034E745 /* UIView+FrameAccessor.h */,
				645D422B21BA58AE0034E745 /* JCPadButton.m */,
				645D422C21BA58AE0034E745 /* JCDialPad.h */,
				645D422D21BA58AE0034E745 /* Constants.h */,
				645D422E21BA58AF0034E745 /* UIView+FrameAccessor.m */,
				645D422F21BA58AF0034E745 /* JCPadButton.h */,
				645D423021BA58AF0034E745 /* JCDialPad.m */,
			);
			path = "Dial Pad";
			sourceTree = "<group>";
		};
		A82A66615C6E4D8C24C18F4D /* Pods */ = {
			isa = PBXGroup;
			children = (
				92639EC9C6C65F04B0C679A4 /* Pods-OutGoingCall.debug.xcconfig */,
				D698E1424010E891A5A2376D /* Pods-OutGoingCall.release.xcconfig */,
			);
			name = Pods;
			sourceTree = "<group>";
		};
		AAB8857E75BC79C75E484C91 /* Frameworks */ = {
			isa = PBXGroup;
			children = (
				17889CBD2CFB29F14B4595EF /* Pods_OutGoingCall.framework */,
			);
			name = Frameworks;
			sourceTree = "<group>";
		};
/* End PBXGroup section */

/* Begin PBXNativeTarget section */
		645D41FC21BA33660034E745 /* OutGoingCall */ = {
			isa = PBXNativeTarget;
			buildConfigurationList = 645D420F21BA336A0034E745 /* Build configuration list for PBXNativeTarget "OutGoingCall" */;
			buildPhases = (
				3C427D19CC59D97AA7B0180A /* [CP] Check Pods Manifest.lock */,
				645D41F921BA33660034E745 /* Sources */,
				645D41FA21BA33660034E745 /* Frameworks */,
				645D41FB21BA33660034E745 /* Resources */,
				64128D7F21BAAAED00548DC4 /* Embed Frameworks */,
				983807C1A324BF6A78D2A4A3 /* [CP] Embed Pods Frameworks */,
			);
			buildRules = (
			);
			dependencies = (
			);
			name = OutGoingCall;
			productName = OutGoingCall;
			productReference = 645D41FD21BA33660034E745 /* OutGoingCall.app */;
			productType = "com.apple.product-type.application";
		};
/* End PBXNativeTarget section */

/* Begin PBXProject section */
		645D41F521BA33660034E745 /* Project object */ = {
			isa = PBXProject;
			attributes = {
				LastSwiftUpdateCheck = 1010;
				LastUpgradeCheck = 1010;
				ORGANIZATIONNAME = Plivo;
				TargetAttributes = {
					645D41FC21BA33660034E745 = {
						CreatedOnToolsVersion = 10.1;
					};
				};
			};
			buildConfigurationList = 645D41F821BA33660034E745 /* Build configuration list for PBXProject "OutGoingCall" */;
			compatibilityVersion = "Xcode 9.3";
			developmentRegion = en;
			hasScannedForEncodings = 0;
			knownRegions = (
				en,
				Base,
			);
			mainGroup = 645D41F421BA33660034E745;
			productRefGroup = 645D41FE21BA33660034E745 /* Products */;
			projectDirPath = "";
			projectRoot = "";
			targets = (
				645D41FC21BA33660034E745 /* OutGoingCall */,
			);
		};
/* End PBXProject section */

/* Begin PBXResourcesBuildPhase section */
		645D41FB21BA33660034E745 /* Resources */ = {
			isa = PBXResourcesBuildPhase;
			buildActionMask = 2147483647;
			files = (
				64128D8821BB947200548DC4 /* Plivo.storyboard in Resources */,
				645D420B21BA336A0034E745 /* LaunchScreen.storyboard in Resources */,
				645D420821BA336A0034E745 /* Assets.xcassets in Resources */,
				645D420621BA33660034E745 /* Main.storyboard in Resources */,
			);
			runOnlyForDeploymentPostprocessing = 0;
		};
/* End PBXResourcesBuildPhase section */

/* Begin PBXShellScriptBuildPhase section */
		3C427D19CC59D97AA7B0180A /* [CP] Check Pods Manifest.lock */ = {
			isa = PBXShellScriptBuildPhase;
			buildActionMask = 2147483647;
			files = (
			);
			inputPaths = (
				"${PODS_PODFILE_DIR_PATH}/Podfile.lock",
				"${PODS_ROOT}/Manifest.lock",
			);
			name = "[CP] Check Pods Manifest.lock";
			outputPaths = (
				"$(DERIVED_FILE_DIR)/Pods-OutGoingCall-checkManifestLockResult.txt",
			);
			runOnlyForDeploymentPostprocessing = 0;
			shellPath = /bin/sh;
			shellScript = "diff \"${PODS_PODFILE_DIR_PATH}/Podfile.lock\" \"${PODS_ROOT}/Manifest.lock\" > /dev/null\nif [ $? != 0 ] ; then\n    # print error to STDERR\n    echo \"error: The sandbox is not in sync with the Podfile.lock. Run 'pod install' or update your CocoaPods installation.\" >&2\n    exit 1\nfi\n# This output is used by Xcode 'outputs' to avoid re-running this script phase.\necho \"SUCCESS\" > \"${SCRIPT_OUTPUT_FILE_0}\"\n";
			showEnvVarsInLog = 0;
		};
		983807C1A324BF6A78D2A4A3 /* [CP] Embed Pods Frameworks */ = {
			isa = PBXShellScriptBuildPhase;
			buildActionMask = 2147483647;
			files = (
			);
			inputPaths = (
				"${SRCROOT}/Pods/Target Support Files/Pods-OutGoingCall/Pods-OutGoingCall-frameworks.sh",
				"${PODS_ROOT}/PlivoVoiceKit/PlivoVoiceKit.framework",
				"${BUILT_PRODUCTS_DIR}/libPhoneNumber-iOS/libPhoneNumber_iOS.framework",
			);
			name = "[CP] Embed Pods Frameworks";
			outputPaths = (
				"${TARGET_BUILD_DIR}/${FRAMEWORKS_FOLDER_PATH}/PlivoVoiceKit.framework",
				"${TARGET_BUILD_DIR}/${FRAMEWORKS_FOLDER_PATH}/libPhoneNumber_iOS.framework",
			);
			runOnlyForDeploymentPostprocessing = 0;
			shellPath = /bin/sh;
			shellScript = "\"${SRCROOT}/Pods/Target Support Files/Pods-OutGoingCall/Pods-OutGoingCall-frameworks.sh\"\n";
			showEnvVarsInLog = 0;
		};
/* End PBXShellScriptBuildPhase section */

/* Begin PBXSourcesBuildPhase section */
		645D41F921BA33660034E745 /* Sources */ = {
			isa = PBXSourcesBuildPhase;
			buildActionMask = 2147483647;
			files = (
				645D421E21BA38010034E745 /* UIViewController+Extension.swift in Sources */,
				645D421721BA35C60034E745 /* LoginViewController.swift in Sources */,
				64128D8B21BBAF4000548DC4 /* AppUtility.swift in Sources */,
				645D423321BA58AF0034E745 /* JCDialPad.m in Sources */,
				64128D8121BB917F00548DC4 /* Logger.swift in Sources */,
				645D422521BA41AA0034E745 /* PlivoManager.swift in Sources */,
				645D423121BA58AF0034E745 /* JCPadButton.m in Sources */,
				645D422121BA385A0034E745 /* UserDefaultManager.swift in Sources */,
				645D423221BA58AF0034E745 /* UIView+FrameAccessor.m in Sources */,
				645D420321BA33660034E745 /* DialPadViewController.swift in Sources */,
				645D420121BA33660034E745 /* AppDelegate.swift in Sources */,
				64128D7A21BA6E4800548DC4 /* CallViewController.swift in Sources */,
				64A956CC21C28B7C007ABB58 /* SplashViewController.swift in Sources */,
			);
			runOnlyForDeploymentPostprocessing = 0;
		};
/* End PBXSourcesBuildPhase section */

/* Begin PBXVariantGroup section */
		645D420421BA33660034E745 /* Main.storyboard */ = {
			isa = PBXVariantGroup;
			children = (
				645D420521BA33660034E745 /* Base */,
			);
			name = Main.storyboard;
			sourceTree = "<group>";
		};
		645D420921BA336A0034E745 /* LaunchScreen.storyboard */ = {
			isa = PBXVariantGroup;
			children = (
				645D420A21BA336A0034E745 /* Base */,
			);
			name = LaunchScreen.storyboard;
			sourceTree = "<group>";
		};
/* End PBXVariantGroup section */

/* Begin XCBuildConfiguration section */
		645D420D21BA336A0034E745 /* Debug */ = {
			isa = XCBuildConfiguration;
			buildSettings = {
				ALWAYS_SEARCH_USER_PATHS = NO;
				CLANG_ANALYZER_NONNULL = YES;
				CLANG_ANALYZER_NUMBER_OBJECT_CONVERSION = YES_AGGRESSIVE;
				CLANG_CXX_LANGUAGE_STANDARD = "gnu++14";
				CLANG_CXX_LIBRARY = "libc++";
				CLANG_ENABLE_MODULES = YES;
				CLANG_ENABLE_OBJC_ARC = YES;
				CLANG_ENABLE_OBJC_WEAK = YES;
				CLANG_WARN_BLOCK_CAPTURE_AUTORELEASING = YES;
				CLANG_WARN_BOOL_CONVERSION = YES;
				CLANG_WARN_COMMA = YES;
				CLANG_WARN_CONSTANT_CONVERSION = YES;
				CLANG_WARN_DEPRECATED_OBJC_IMPLEMENTATIONS = YES;
				CLANG_WARN_DIRECT_OBJC_ISA_USAGE = YES_ERROR;
				CLANG_WARN_DOCUMENTATION_COMMENTS = YES;
				CLANG_WARN_EMPTY_BODY = YES;
				CLANG_WARN_ENUM_CONVERSION = YES;
				CLANG_WARN_INFINITE_RECURSION = YES;
				CLANG_WARN_INT_CONVERSION = YES;
				CLANG_WARN_NON_LITERAL_NULL_CONVERSION = YES;
				CLANG_WARN_OBJC_IMPLICIT_RETAIN_SELF = YES;
				CLANG_WARN_OBJC_LITERAL_CONVERSION = YES;
				CLANG_WARN_OBJC_ROOT_CLASS = YES_ERROR;
				CLANG_WARN_RANGE_LOOP_ANALYSIS = YES;
				CLANG_WARN_STRICT_PROTOTYPES = YES;
				CLANG_WARN_SUSPICIOUS_MOVE = YES;
				CLANG_WARN_UNGUARDED_AVAILABILITY = YES_AGGRESSIVE;
				CLANG_WARN_UNREACHABLE_CODE = YES;
				CLANG_WARN__DUPLICATE_METHOD_MATCH = YES;
				CODE_SIGN_IDENTITY = "iPhone Developer";
				COPY_PHASE_STRIP = NO;
				DEBUG_INFORMATION_FORMAT = dwarf;
				ENABLE_STRICT_OBJC_MSGSEND = YES;
				ENABLE_TESTABILITY = YES;
				GCC_C_LANGUAGE_STANDARD = gnu11;
				GCC_DYNAMIC_NO_PIC = NO;
				GCC_NO_COMMON_BLOCKS = YES;
				GCC_OPTIMIZATION_LEVEL = 0;
				GCC_PREPROCESSOR_DEFINITIONS = (
					"DEBUG=1",
					"$(inherited)",
				);
				GCC_WARN_64_TO_32_BIT_CONVERSION = YES;
				GCC_WARN_ABOUT_RETURN_TYPE = YES_ERROR;
				GCC_WARN_UNDECLARED_SELECTOR = YES;
				GCC_WARN_UNINITIALIZED_AUTOS = YES_AGGRESSIVE;
				GCC_WARN_UNUSED_FUNCTION = YES;
				GCC_WARN_UNUSED_VARIABLE = YES;
				IPHONEOS_DEPLOYMENT_TARGET = 12.1;
				MTL_ENABLE_DEBUG_INFO = INCLUDE_SOURCE;
				MTL_FAST_MATH = YES;
				ONLY_ACTIVE_ARCH = YES;
				SDKROOT = iphoneos;
				SWIFT_ACTIVE_COMPILATION_CONDITIONS = DEBUG;
				SWIFT_OPTIMIZATION_LEVEL = "-Onone";
			};
			name = Debug;
		};
		645D420E21BA336A0034E745 /* Release */ = {
			isa = XCBuildConfiguration;
			buildSettings = {
				ALWAYS_SEARCH_USER_PATHS = NO;
				CLANG_ANALYZER_NONNULL = YES;
				CLANG_ANALYZER_NUMBER_OBJECT_CONVERSION = YES_AGGRESSIVE;
				CLANG_CXX_LANGUAGE_STANDARD = "gnu++14";
				CLANG_CXX_LIBRARY = "libc++";
				CLANG_ENABLE_MODULES = YES;
				CLANG_ENABLE_OBJC_ARC = YES;
				CLANG_ENABLE_OBJC_WEAK = YES;
				CLANG_WARN_BLOCK_CAPTURE_AUTORELEASING = YES;
				CLANG_WARN_BOOL_CONVERSION = YES;
				CLANG_WARN_COMMA = YES;
				CLANG_WARN_CONSTANT_CONVERSION = YES;
				CLANG_WARN_DEPRECATED_OBJC_IMPLEMENTATIONS = YES;
				CLANG_WARN_DIRECT_OBJC_ISA_USAGE = YES_ERROR;
				CLANG_WARN_DOCUMENTATION_COMMENTS = YES;
				CLANG_WARN_EMPTY_BODY = YES;
				CLANG_WARN_ENUM_CONVERSION = YES;
				CLANG_WARN_INFINITE_RECURSION = YES;
				CLANG_WARN_INT_CONVERSION = YES;
				CLANG_WARN_NON_LITERAL_NULL_CONVERSION = YES;
				CLANG_WARN_OBJC_IMPLICIT_RETAIN_SELF = YES;
				CLANG_WARN_OBJC_LITERAL_CONVERSION = YES;
				CLANG_WARN_OBJC_ROOT_CLASS = YES_ERROR;
				CLANG_WARN_RANGE_LOOP_ANALYSIS = YES;
				CLANG_WARN_STRICT_PROTOTYPES = YES;
				CLANG_WARN_SUSPICIOUS_MOVE = YES;
				CLANG_WARN_UNGUARDED_AVAILABILITY = YES_AGGRESSIVE;
				CLANG_WARN_UNREACHABLE_CODE = YES;
				CLANG_WARN__DUPLICATE_METHOD_MATCH = YES;
				CODE_SIGN_IDENTITY = "iPhone Developer";
				COPY_PHASE_STRIP = NO;
				DEBUG_INFORMATION_FORMAT = "dwarf-with-dsym";
				ENABLE_NS_ASSERTIONS = NO;
				ENABLE_STRICT_OBJC_MSGSEND = YES;
				GCC_C_LANGUAGE_STANDARD = gnu11;
				GCC_NO_COMMON_BLOCKS = YES;
				GCC_WARN_64_TO_32_BIT_CONVERSION = YES;
				GCC_WARN_ABOUT_RETURN_TYPE = YES_ERROR;
				GCC_WARN_UNDECLARED_SELECTOR = YES;
				GCC_WARN_UNINITIALIZED_AUTOS = YES_AGGRESSIVE;
				GCC_WARN_UNUSED_FUNCTION = YES;
				GCC_WARN_UNUSED_VARIABLE = YES;
				IPHONEOS_DEPLOYMENT_TARGET = 12.1;
				MTL_ENABLE_DEBUG_INFO = NO;
				MTL_FAST_MATH = YES;
				SDKROOT = iphoneos;
				SWIFT_COMPILATION_MODE = wholemodule;
				SWIFT_OPTIMIZATION_LEVEL = "-O";
				VALIDATE_PRODUCT = YES;
			};
			name = Release;
		};
		645D421021BA336A0034E745 /* Debug */ = {
			isa = XCBuildConfiguration;
			baseConfigurationReference = 92639EC9C6C65F04B0C679A4 /* Pods-OutGoingCall.debug.xcconfig */;
			buildSettings = {
				ASSETCATALOG_COMPILER_APPICON_NAME = AppIcon;
				CODE_SIGN_STYLE = Automatic;
				DEVELOPMENT_TEAM = WNCL3CUH9C;
				ENABLE_BITCODE = NO;
				FRAMEWORK_SEARCH_PATHS = (
					"$(inherited)",
					"$(PROJECT_DIR)/OutGoingCall",
				);
				INFOPLIST_FILE = "OutGoingCall/Supporting Files/Info.plist";
				IPHONEOS_DEPLOYMENT_TARGET = 10.0;
				LD_RUNPATH_SEARCH_PATHS = (
					"$(inherited)",
					"@executable_path/Frameworks",
				);
				PRODUCT_BUNDLE_IDENTIFIER = com.aplivo.voiptest;
				PRODUCT_NAME = "$(TARGET_NAME)";
				SWIFT_OBJC_BRIDGING_HEADER = "OutGoingCall/Supporting Files/Plivo-Bridging-Header.h";
				SWIFT_VERSION = 4.2;
				TARGETED_DEVICE_FAMILY = "1,2";
			};
			name = Debug;
		};
		645D421121BA336A0034E745 /* Release */ = {
			isa = XCBuildConfiguration;
			baseConfigurationReference = D698E1424010E891A5A2376D /* Pods-OutGoingCall.release.xcconfig */;
			buildSettings = {
				ASSETCATALOG_COMPILER_APPICON_NAME = AppIcon;
				CODE_SIGN_STYLE = Automatic;
				DEVELOPMENT_TEAM = WNCL3CUH9C;
				ENABLE_BITCODE = NO;
				FRAMEWORK_SEARCH_PATHS = (
					"$(inherited)",
					"$(PROJECT_DIR)/OutGoingCall",
				);
				INFOPLIST_FILE = "OutGoingCall/Supporting Files/Info.plist";
				IPHONEOS_DEPLOYMENT_TARGET = 10.0;
				LD_RUNPATH_SEARCH_PATHS = (
					"$(inherited)",
					"@executable_path/Frameworks",
				);
				PRODUCT_BUNDLE_IDENTIFIER = com.aplivo.voiptest;
				PRODUCT_NAME = "$(TARGET_NAME)";
				SWIFT_OBJC_BRIDGING_HEADER = "OutGoingCall/Supporting Files/Plivo-Bridging-Header.h";
				SWIFT_VERSION = 4.2;
				TARGETED_DEVICE_FAMILY = "1,2";
			};
			name = Release;
		};
/* End XCBuildConfiguration section */

/* Begin XCConfigurationList section */
		645D41F821BA33660034E745 /* Build configuration list for PBXProject "OutGoingCall" */ = {
			isa = XCConfigurationList;
			buildConfigurations = (
				645D420D21BA336A0034E745 /* Debug */,
				645D420E21BA336A0034E745 /* Release */,
			);
			defaultConfigurationIsVisible = 0;
			defaultConfigurationName = Release;
		};
		645D420F21BA336A0034E745 /* Build configuration list for PBXNativeTarget "OutGoingCall" */ = {
			isa = XCConfigurationList;
			buildConfigurations = (
				645D421021BA336A0034E745 /* Debug */,
				645D421121BA336A0034E745 /* Release */,
			);
			defaultConfigurationIsVisible = 0;
			defaultConfigurationName = Release;
		};
/* End XCConfigurationList section */
	};
	rootObject = 645D41F521BA33660034E745 /* Project object */;
}
