PODS:
  - libPhoneNumber-iOS (0.9.3)
  - PlivoVoiceKit (2.0.2)

DEPENDENCIES:
  - libPhoneNumber-iOS (= 0.9.3)
  - PlivoVoiceKit

SPEC REPOS:
  https://github.com/cocoapods/specs.git:
    - libPhoneNumber-iOS
    - PlivoVoiceKit

SPEC CHECKSUMS:
  libPhoneNumber-iOS: 3e8e9fffe9fb4b14a4a6105f8615176ccb3aa2a5
  PlivoVoiceKit: 3c33466fcc8853f0c99c787059328b4b50a89e48

PODFILE CHECKSUM: b746ea0e33b26353b1f843d31309cb711882ceeb

COCOAPODS: 1.5.3
